
Microsoft Visual Studio Solution File, Format Version 12.00
# Visual Studio Version 17
VisualStudioVersion = 17.7.34031.279
MinimumVisualStudioVersion = 10.0.40219.1
Project("{FAE04EC0-301F-11D3-BF4B-00C04F79EFBC}") = "Networking Labeling", "Networking Labeling\Networking Labeling.csproj", "{6F8E546A-3516-438D-BAD1-5319956960F0}"
EndProject
Global
	GlobalSection(SolutionConfigurationPlatforms) = preSolution
		Debug|Any CPU = Debug|Any CPU
		Release|Any CPU = Release|Any CPU
	EndGlobalSection
	GlobalSection(ProjectConfigurationPlatforms) = postSolution
		{6F8E546A-3516-438D-BAD1-5319956960F0}.Debug|Any CPU.ActiveCfg = Debug|Any CPU
		{6F8E546A-3516-438D-BAD1-5319956960F0}.Debug|Any CPU.Build.0 = Debug|Any CPU
		{6F8E546A-3516-438D-BAD1-5319956960F0}.Release|Any CPU.ActiveCfg = Release|Any CPU
		{6F8E546A-3516-438D-BAD1-5319956960F0}.Release|Any CPU.Build.0 = Release|Any CPU
	EndGlobalSection
	GlobalSection(SolutionProperties) = preSolution
		HideSolutionNode = FALSE
	EndGlobalSection
	GlobalSection(ExtensibilityGlobals) = postSolution
		SolutionGuid = {E26DC99F-C91F-453B-8CEB-328D388FE19F}
	EndGlobalSection
EndGlobal
